// !$*UTF8*$!
{
	archiveVersion = 1;
	classes = {
	};
	objectVersion = 46;
	objects = {

/* Begin PBXBuildFile section */
		D29C91591BFD614E00A003B9 /* main.m in Sources */ = {isa = PBXBuildFile; fileRef = D29C91581BFD614E00A003B9 /* main.m */; };
		D29C91611BFD675A00A003B9 /* CoolThing.swift in Sources */ = {isa = PBXBuildFile; fileRef = D29C91601BFD675A00A003B9 /* CoolThing.swift */; };
		D29C91641BFD684F00A003B9 /* LegacyObjCThing.m in Sources */ = {isa = PBXBuildFile; fileRef = D29C91631BFD684F00A003B9 /* LegacyObjCThing.m */; };
		D29C91661BFD6A1700A003B9 /* SadStory.swift in Sources */ = {isa = PBXBuildFile; fileRef = D29C91651BFD6A1700A003B9 /* SadStory.swift */; };
/* End PBXBuildFile section */

/* Begin PBXCopyFilesBuildPhase section */
		D29C91531BFD614E00A003B9 /* CopyFiles */ = {
			isa = PBXCopyFilesBuildPhase;
			buildActionMask = 2147483647;
			dstPath = /usr/share/man/man1/;
			dstSubfolderSpec = 0;
			files = (
			);
			runOnlyForDeploymentPostprocessing = 1;
		};
/* End PBXCopyFilesBuildPhase section */

/* Begin PBXFileReference section */
		D29C91551BFD614E00A003B9 /* SO33775908 */ = {isa = PBXFileReference; explicitFileType = "compiled.mach-o.executable"; includeInIndex = 0; path = SO33775908; sourceTree = BUILT_PRODUCTS_DIR; };
		D29C91581BFD614E00A003B9 /* main.m */ = {isa = PBXFileReference; lastKnownFileType = sourcecode.c.objc; path = main.m; sourceTree = "<group>"; };
		D29C915F1BFD675A00A003B9 /* SO33775908-Bridging-Header.h */ = {isa = PBXFileReference; lastKnownFileType = sourcecode.c.h; path = "SO33775908-Bridging-Header.h"; sourceTree = "<group>"; };
		D29C91601BFD675A00A003B9 /* CoolThing.swift */ = {isa = PBXFileReference; fileEncoding = 4; lastKnownFileType = sourcecode.swift; path = CoolThing.swift; sourceTree = "<group>"; };
		D29C91621BFD684F00A003B9 /* LegacyObjCThing.h */ = {isa = PBXFileReference; fileEncoding = 4; lastKnownFileType = sourcecode.c.h; path = LegacyObjCThing.h; sourceTree = "<group>"; };
		D29C91631BFD684F00A003B9 /* LegacyObjCThing.m */ = {isa = PBXFileReference; fileEncoding = 4; lastKnownFileType = sourcecode.c.objc; path = LegacyObjCThing.m; sourceTree = "<group>"; };
		D29C91651BFD6A1700A003B9 /* SadStory.swift */ = {isa = PBXFileReference; fileEncoding = 4; lastKnownFileType = sourcecode.swift; path = SadStory.swift; sourceTree = "<group>"; };
/* End PBXFileReference section */

/* Begin PBXFrameworksBuildPhase section */
		D29C91521BFD614E00A003B9 /* Frameworks */ = {
			isa = PBXFrameworksBuildPhase;
			buildActionMask = 2147483647;
			files = (
			);
			runOnlyForDeploymentPostprocessing = 0;
		};
/* End PBXFrameworksBuildPhase section */

/* Begin PBXGroup section */
		D29C914C1BFD614E00A003B9 = {
			isa = PBXGroup;
			children = (
				D29C91571BFD614E00A003B9 /* SO33775908 */,
				D29C91561BFD614E00A003B9 /* Products */,
			);
			sourceTree = "<group>";
		};
		D29C91561BFD614E00A003B9 /* Products */ = {
			isa = PBXGroup;
			children = (
				D29C91551BFD614E00A003B9 /* SO33775908 */,
			);
			name = Products;
			sourceTree = "<group>";
		};
		D29C91571BFD614E00A003B9 /* SO33775908 */ = {
			isa = PBXGroup;
			children = (
				D29C91581BFD614E00A003B9 /* main.m */,
				D29C91651BFD6A1700A003B9 /* SadStory.swift */,
				D29C91601BFD675A00A003B9 /* CoolThing.swift */,
				D29C91621BFD684F00A003B9 /* LegacyObjCThing.h */,
				D29C91631BFD684F00A003B9 /* LegacyObjCThing.m */,
				D29C915F1BFD675A00A003B9 /* SO33775908-Bridging-Header.h */,
			);
			path = SO33775908;
			sourceTree = "<group>";
		};
/* End PBXGroup section */

/* Begin PBXNativeTarget section */
		D29C91541BFD614E00A003B9 /* SO33775908 */ = {
			isa = PBXNativeTarget;
			buildConfigurationList = D29C915C1BFD614E00A003B9 /* Build configuration list for PBXNativeTarget "SO33775908" */;
			buildPhases = (
				D29C91511BFD614E00A003B9 /* Sources */,
				D29C91521BFD614E00A003B9 /* Frameworks */,
				D29C91531BFD614E00A003B9 /* CopyFiles */,
			);
			buildRules = (
			);
			dependencies = (
			);
			name = SO33775908;
			productName = SO33775908;
			productReference = D29C91551BFD614E00A003B9 /* SO33775908 */;
			productType = "com.apple.product-type.tool";
		};
/* End PBXNativeTarget section */

/* Begin PBXProject section */
		D29C914D1BFD614E00A003B9 /* Project object */ = {
			isa = PBXProject;
			attributes = {
				LastUpgradeCheck = 0710;
				ORGANIZATIONNAME = Puttin;
				TargetAttributes = {
					D29C91541BFD614E00A003B9 = {
						CreatedOnToolsVersion = 7.1.1;
					};
				};
			};
			buildConfigurationList = D29C91501BFD614E00A003B9 /* Build configuration list for PBXProject "SO33775908" */;
			compatibilityVersion = "Xcode 3.2";
			developmentRegion = English;
			hasScannedForEncodings = 0;
			knownRegions = (
				en,
			);
			mainGroup = D29C914C1BFD614E00A003B9;
			productRefGroup = D29C91561BFD614E00A003B9 /* Products */;
			projectDirPath = "";
			projectRoot = "";
			targets = (
				D29C91541BFD614E00A003B9 /* SO33775908 */,
			);
		};
/* End PBXProject section */

/* Begin PBXSourcesBuildPhase section */
		D29C91511BFD614E00A003B9 /* Sources */ = {
			isa = PBXSourcesBuildPhase;
			buildActionMask = 2147483647;
			files = (
				D29C91641BFD684F00A003B9 /* LegacyObjCThing.m in Sources */,
				D29C91591BFD614E00A003B9 /* main.m in Sources */,
				D29C91661BFD6A1700A003B9 /* SadStory.swift in Sources */,
				D29C91611BFD675A00A003B9 /* CoolThing.swift in Sources */,
			);
			runOnlyForDeploymentPostprocessing = 0;
		};
/* End PBXSourcesBuildPhase section */

/* Begin XCBuildConfiguration section */
		D29C915A1BFD614E00A003B9 /* Debug */ = {
			isa = XCBuildConfiguration;
			buildSettings = {
				ALWAYS_SEARCH_USER_PATHS = NO;
				CLANG_CXX_LANGUAGE_STANDARD = "gnu++0x";
				CLANG_CXX_LIBRARY = "libc++";
				CLANG_ENABLE_MODULES = YES;
				CLANG_ENABLE_OBJC_ARC = YES;
				CLANG_WARN_BOOL_CONVERSION = YES;
				CLANG_WARN_CONSTANT_CONVERSION = YES;
				CLANG_WARN_DIRECT_OBJC_ISA_USAGE = YES_ERROR;
				CLANG_WARN_EMPTY_BODY = YES;
				CLANG_WARN_ENUM_CONVERSION = YES;
				CLANG_WARN_INT_CONVERSION = YES;
				CLANG_WARN_OBJC_ROOT_CLASS = YES_ERROR;
				CLANG_WARN_UNREACHABLE_CODE = YES;
				CLANG_WARN__DUPLICATE_METHOD_MATCH = YES;
				CODE_SIGN_IDENTITY = "-";
				COPY_PHASE_STRIP = NO;
				DEBUG_INFORMATION_FORMAT = dwarf;
				ENABLE_STRICT_OBJC_MSGSEND = YES;
				ENABLE_TESTABILITY = YES;
				GCC_C_LANGUAGE_STANDARD = gnu99;
				GCC_DYNAMIC_NO_PIC = NO;
				GCC_NO_COMMON_BLOCKS = YES;
				GCC_OPTIMIZATION_LEVEL = 0;
				GCC_PREPROCESSOR_DEFINITIONS = (
					"DEBUG=1",
					"$(inherited)",
				);
				GCC_WARN_64_TO_32_BIT_CONVERSION = YES;
				GCC_WARN_ABOUT_RETURN_TYPE = YES_ERROR;
				GCC_WARN_UNDECLARED_SELECTOR = YES;
				GCC_WARN_UNINITIALIZED_AUTOS = YES_AGGRESSIVE;
				GCC_WARN_UNUSED_FUNCTION = YES;
				GCC_WARN_UNUSED_VARIABLE = YES;
				MACOSX_DEPLOYMENT_TARGET = 10.11;
				MTL_ENABLE_DEBUG_INFO = YES;
				ONLY_ACTIVE_ARCH = YES;
				SDKROOT = macosx;
			};
			name = Debug;
		};
		D29C915B1BFD614E00A003B9 /* Release */ = {
			isa = XCBuildConfiguration;
			buildSettings = {
				ALWAYS_SEARCH_USER_PATHS = NO;
				CLANG_CXX_LANGUAGE_STANDARD = "gnu++0x";
				CLANG_CXX_LIBRARY = "libc++";
				CLANG_ENABLE_MODULES = YES;
				CLANG_ENABLE_OBJC_ARC = YES;
				CLANG_WARN_BOOL_CONVERSION = YES;
				CLANG_WARN_CONSTANT_CONVERSION = YES;
				CLANG_WARN_DIRECT_OBJC_ISA_USAGE = YES_ERROR;
				CLANG_WARN_EMPTY_BODY = YES;
				CLANG_WARN_ENUM_CONVERSION = YES;
				CLANG_WARN_INT_CONVERSION = YES;
				CLANG_WARN_OBJC_ROOT_CLASS = YES_ERROR;
				CLANG_WARN_UNREACHABLE_CODE = YES;
				CLANG_WARN__DUPLICATE_METHOD_MATCH = YES;
				CODE_SIGN_IDENTITY = "-";
				COPY_PHASE_STRIP = NO;
				DEBUG_INFORMATION_FORMAT = "dwarf-with-dsym";
				ENABLE_NS_ASSERTIONS = NO;
				ENABLE_STRICT_OBJC_MSGSEND = YES;
				GCC_C_LANGUAGE_STANDARD = gnu99;
				GCC_NO_COMMON_BLOCKS = YES;
				GCC_WARN_64_TO_32_BIT_CONVERSION = YES;
				GCC_WARN_ABOUT_RETURN_TYPE = YES_ERROR;
				GCC_WARN_UNDECLARED_SELECTOR = YES;
				GCC_WARN_UNINITIALIZED_AUTOS = YES_AGGRESSIVE;
				GCC_WARN_UNUSED_FUNCTION = YES;
				GCC_WARN_UNUSED_VARIABLE = YES;
				MACOSX_DEPLOYMENT_TARGET = 10.11;
				MTL_ENABLE_DEBUG_INFO = NO;
				SDKROOT = macosx;
			};
			name = Release;
		};
		D29C915D1BFD614E00A003B9 /* Debug */ = {
			isa = XCBuildConfiguration;
			buildSettings = {
				CLANG_ENABLE_MODULES = YES;
				LD_RUNPATH_SEARCH_PATHS = "$(inherited) @executable_path/../Frameworks @loader_path/../Frameworks";
				PRODUCT_NAME = "$(TARGET_NAME)";
				SWIFT_OBJC_BRIDGING_HEADER = "SO33775908/SO33775908-Bridging-Header.h";
				SWIFT_OPTIMIZATION_LEVEL = "-Onone";
			};
			name = Debug;
		};
		D29C915E1BFD614E00A003B9 /* Release */ = {
			isa = XCBuildConfiguration;
			buildSettings = {
				CLANG_ENABLE_MODULES = YES;
				LD_RUNPATH_SEARCH_PATHS = "$(inherited) @executable_path/../Frameworks @loader_path/../Frameworks";
				PRODUCT_NAME = "$(TARGET_NAME)";
				SWIFT_OBJC_BRIDGING_HEADER = "SO33775908/SO33775908-Bridging-Header.h";
			};
			name = Release;
		};
/* End XCBuildConfiguration section */

/* Begin XCConfigurationList section */
		D29C91501BFD614E00A003B9 /* Build configuration list for PBXProject "SO33775908" */ = {
			isa = XCConfigurationList;
			buildConfigurations = (
				D29C915A1BFD614E00A003B9 /* Debug */,
				D29C915B1BFD614E00A003B9 /* Release */,
			);
			defaultConfigurationIsVisible = 0;
			defaultConfigurationName = Release;
		};
		D29C915C1BFD614E00A003B9 /* Build configuration list for PBXNativeTarget "SO33775908" */ = {
			isa = XCConfigurationList;
			buildConfigurations = (
				D29C915D1BFD614E00A003B9 /* Debug */,
				D29C915E1BFD614E00A003B9 /* Release */,
			);
			defaultConfigurationIsVisible = 0;
		};
/* End XCConfigurationList section */
	};
	rootObject = D29C914D1BFD614E00A003B9 /* Project object */;
}
